
Microsoft Visual Studio Solution File, Format Version 10.00
# Visual Studio 2008
Project("{8BC9CEB8-8B4A-11D0-8D11-00A0C91BC942}") = "networkframe", "networkframe.vcproj", "{A37EB16C-3D47-4444-9F44-6498D3E6653D}"
EndProject
Global
	GlobalSection(SolutionConfigurationPlatforms) = preSolution
		Debug|Win32 = Debug|Win32
		Release|Win32 = Release|Win32
	EndGlobalSection
	GlobalSection(ProjectConfigurationPlatforms) = postSolution
		{A37EB16C-3D47-4444-9F44-6498D3E6653D}.Debug|Win32.ActiveCfg = Debug|Win32
		{A37EB16C-3D47-4444-9F44-6498D3E6653D}.Debug|Win32.Build.0 = Debug|Win32
		{A37EB16C-3D47-4444-9F44-6498D3E6653D}.Release|Win32.ActiveCfg = Release|Win32
		{A37EB16C-3D47-4444-9F44-6498D3E6653D}.Release|Win32.Build.0 = Release|Win32
	EndGlobalSection
	GlobalSection(SolutionProperties) = preSolution
		HideSolutionNode = FALSE
	EndGlobalSection
EndGlobal
